
Microsoft Visual Studio Solution File, Format Version 12.00
# Visual Studio Version 17
VisualStudioVersion = 17.8.34309.116
MinimumVisualStudioVersion = 10.0.40219.1
Project("{FAE04EC0-301F-11D3-BF4B-00C04F79EFBC}") = "TBSim", "TBSim\TBSim.csproj", "{5328E877-6FBD-4D78-A096-FF1B21D8BE90}"
EndProject
Project("{FAE04EC0-301F-11D3-BF4B-00C04F79EFBC}") = "TBSim.Test", "TBSim.Test\TBSim.Test.csproj", "{1D89B4BD-B95E-4A66-80D4-F5496B261B99}"
EndProject
Global
	GlobalSection(SolutionConfigurationPlatforms) = preSolution
		Debug|Any CPU = Debug|Any CPU
		Release|Any CPU = Release|Any CPU
	EndGlobalSection
	GlobalSection(ProjectConfigurationPlatforms) = postSolution
		{5328E877-6FBD-4D78-A096-FF1B21D8BE90}.Debug|Any CPU.ActiveCfg = Debug|Any CPU
		{5328E877-6FBD-4D78-A096-FF1B21D8BE90}.Debug|Any CPU.Build.0 = Debug|Any CPU
		{5328E877-6FBD-4D78-A096-FF1B21D8BE90}.Release|Any CPU.ActiveCfg = Release|Any CPU
		{5328E877-6FBD-4D78-A096-FF1B21D8BE90}.Release|Any CPU.Build.0 = Release|Any CPU
		{1D89B4BD-B95E-4A66-80D4-F5496B261B99}.Debug|Any CPU.ActiveCfg = Debug|Any CPU
		{1D89B4BD-B95E-4A66-80D4-F5496B261B99}.Debug|Any CPU.Build.0 = Debug|Any CPU
		{1D89B4BD-B95E-4A66-80D4-F5496B261B99}.Release|Any CPU.ActiveCfg = Release|Any CPU
		{1D89B4BD-B95E-4A66-80D4-F5496B261B99}.Release|Any CPU.Build.0 = Release|Any CPU
	EndGlobalSection
	GlobalSection(SolutionProperties) = preSolution
		HideSolutionNode = FALSE
	EndGlobalSection
	GlobalSection(ExtensibilityGlobals) = postSolution
		SolutionGuid = {88DE2459-4682-45F1-9DB9-E7516ABEAA5A}
	EndGlobalSection
EndGlobal
